
Microsoft Visual Studio Solution File, Format Version 12.00
# Visual Studio Version 16
VisualStudioVersion = 16.0.30709.132
MinimumVisualStudioVersion = 10.0.40219.1
Project("{9A19103F-16F7-4668-BE54-9A1E7A4F7556}") = "BlazorJwtAuthenticationSample.Api", "src\BlazorJwtAuthenticationSample.Api\BlazorJwtAuthenticationSample.Api.csproj", "{3E3953A8-E260-4BCE-A245-566C10C74E18}"
EndProject
Project("{9A19103F-16F7-4668-BE54-9A1E7A4F7556}") = "BlazorJwtAuthenticationSample.Client", "src\BlazorJwtAuthenticationSample.Client\BlazorJwtAuthenticationSample.Client.csproj", "{A681EDE2-321D-4B64-AA31-41A0EE86228A}"
EndProject
Global
	GlobalSection(SolutionConfigurationPlatforms) = preSolution
		Debug|Any CPU = Debug|Any CPU
		Release|Any CPU = Release|Any CPU
	EndGlobalSection
	GlobalSection(ProjectConfigurationPlatforms) = postSolution
		{3E3953A8-E260-4BCE-A245-566C10C74E18}.Debug|Any CPU.ActiveCfg = Debug|Any CPU
		{3E3953A8-E260-4BCE-A245-566C10C74E18}.Debug|Any CPU.Build.0 = Debug|Any CPU
		{3E3953A8-E260-4BCE-A245-566C10C74E18}.Release|Any CPU.ActiveCfg = Release|Any CPU
		{3E3953A8-E260-4BCE-A245-566C10C74E18}.Release|Any CPU.Build.0 = Release|Any CPU
		{A681EDE2-321D-4B64-AA31-41A0EE86228A}.Debug|Any CPU.ActiveCfg = Debug|Any CPU
		{A681EDE2-321D-4B64-AA31-41A0EE86228A}.Debug|Any CPU.Build.0 = Debug|Any CPU
		{A681EDE2-321D-4B64-AA31-41A0EE86228A}.Release|Any CPU.ActiveCfg = Release|Any CPU
		{A681EDE2-321D-4B64-AA31-41A0EE86228A}.Release|Any CPU.Build.0 = Release|Any CPU
	EndGlobalSection
	GlobalSection(SolutionProperties) = preSolution
		HideSolutionNode = FALSE
	EndGlobalSection
	GlobalSection(ExtensibilityGlobals) = postSolution
		SolutionGuid = {2CC2CC44-E9AA-4434-A778-2F5802782F1D}
	EndGlobalSection
EndGlobal
